
Microsoft Visual Studio Solution File, Format Version 12.00
# Visual Studio Version 16
VisualStudioVersion = 16.0.30804.86
MinimumVisualStudioVersion = 10.0.40219.1
Project("{2150E333-8FDC-42A3-9474-1A3956D46DE8}") = "Samples", "Samples", "{E9E44130-70CC-442C-A77C-A1112310354A}"
	ProjectSection(SolutionItems) = preProject
		Samples\GridSample.txt = Samples\GridSample.txt
		Samples\Sample2.txt = Samples\Sample2.txt
	EndProjectSection
EndProject
Project("{2150E333-8FDC-42A3-9474-1A3956D46DE8}") = "Solution Items", "Solution Items", "{0508F31B-5B21-4096-A3B7-280815BBECAE}"
	ProjectSection(SolutionItems) = preProject
		Readme.txt = Readme.txt
	EndProjectSection
EndProject
Project("{FAE04EC0-301F-11D3-BF4B-00C04F79EFBC}") = "JsonVisualizer", "Visualizer\JsonVisualizer.csproj", "{32BEAE8D-282C-4414-9B7F-2F0E9450369A}"
EndProject
Project("{FAE04EC0-301F-11D3-BF4B-00C04F79EFBC}") = "JsonView", "JsonView\JsonView.csproj", "{83D82889-66FA-41AC-932F-9AF3AE8EAA9C}"
EndProject
Project("{FAE04EC0-301F-11D3-BF4B-00C04F79EFBC}") = "JsonViewer", "JsonViewer\JsonViewer.csproj", "{3AE264FB-52DC-4295-A37F-CE63CAF54930}"
EndProject
Global
	GlobalSection(SolutionConfigurationPlatforms) = preSolution
		Debug|Any CPU = Debug|Any CPU
		Release|Any CPU = Release|Any CPU
	EndGlobalSection
	GlobalSection(ProjectConfigurationPlatforms) = postSolution
		{32BEAE8D-282C-4414-9B7F-2F0E9450369A}.Debug|Any CPU.ActiveCfg = Debug|Any CPU
		{32BEAE8D-282C-4414-9B7F-2F0E9450369A}.Debug|Any CPU.Build.0 = Debug|Any CPU
		{32BEAE8D-282C-4414-9B7F-2F0E9450369A}.Release|Any CPU.ActiveCfg = Release|Any CPU
		{32BEAE8D-282C-4414-9B7F-2F0E9450369A}.Release|Any CPU.Build.0 = Release|Any CPU
		{83D82889-66FA-41AC-932F-9AF3AE8EAA9C}.Debug|Any CPU.ActiveCfg = Debug|Any CPU
		{83D82889-66FA-41AC-932F-9AF3AE8EAA9C}.Debug|Any CPU.Build.0 = Debug|Any CPU
		{83D82889-66FA-41AC-932F-9AF3AE8EAA9C}.Release|Any CPU.ActiveCfg = Release|Any CPU
		{83D82889-66FA-41AC-932F-9AF3AE8EAA9C}.Release|Any CPU.Build.0 = Release|Any CPU
		{3AE264FB-52DC-4295-A37F-CE63CAF54930}.Debug|Any CPU.ActiveCfg = Debug|Any CPU
		{3AE264FB-52DC-4295-A37F-CE63CAF54930}.Debug|Any CPU.Build.0 = Debug|Any CPU
		{3AE264FB-52DC-4295-A37F-CE63CAF54930}.Release|Any CPU.ActiveCfg = Release|Any CPU
		{3AE264FB-52DC-4295-A37F-CE63CAF54930}.Release|Any CPU.Build.0 = Release|Any CPU
	EndGlobalSection
	GlobalSection(SolutionProperties) = preSolution
		HideSolutionNode = FALSE
	EndGlobalSection
	GlobalSection(ExtensibilityGlobals) = postSolution
		SolutionGuid = {340EE636-9642-4C87-A871-D182A0ECA230}
	EndGlobalSection
EndGlobal
